
Microsoft Visual Studio Solution File, Format Version 12.00
# Visual Studio Version 16
VisualStudioVersion = 16.0.30503.244
MinimumVisualStudioVersion = 10.0.40219.1
Project("{FAE04EC0-301F-11D3-BF4B-00C04F79EFBC}") = "Animal_Park", "Animal_Park.csproj", "{49047ED6-4DB9-4223-A87A-BD1307C8F286}"
EndProject
Global
	GlobalSection(SolutionConfigurationPlatforms) = preSolution
		Debug|Any CPU = Debug|Any CPU
		Release|Any CPU = Release|Any CPU
	EndGlobalSection
	GlobalSection(ProjectConfigurationPlatforms) = postSolution
		{49047ED6-4DB9-4223-A87A-BD1307C8F286}.Debug|Any CPU.ActiveCfg = Debug|Any CPU
		{49047ED6-4DB9-4223-A87A-BD1307C8F286}.Debug|Any CPU.Build.0 = Debug|Any CPU
		{49047ED6-4DB9-4223-A87A-BD1307C8F286}.Release|Any CPU.ActiveCfg = Release|Any CPU
		{49047ED6-4DB9-4223-A87A-BD1307C8F286}.Release|Any CPU.Build.0 = Release|Any CPU
	EndGlobalSection
	GlobalSection(SolutionProperties) = preSolution
		HideSolutionNode = FALSE
	EndGlobalSection
	GlobalSection(ExtensibilityGlobals) = postSolution
		SolutionGuid = {68D6C0CF-C4AE-4288-B855-E461AAC54B2F} 
	EndGlobalSection
EndGlobal
