
Microsoft Visual Studio Solution File, Format Version 12.00
# Visual Studio Version 17
VisualStudioVersion = 17.1.32421.90
MinimumVisualStudioVersion = 10.0.40219.1
Project("{FAE04EC0-301F-11D3-BF4B-00C04F79EFBC}") = "ControlTower-WindowsPresentationFoundation", "ControlTower-WindowsPresentationFoundation.csproj", "{C0F6B225-C037-4563-BB9F-7D7BA7FDEA38}"
EndProject
Global
	GlobalSection(SolutionConfigurationPlatforms) = preSolution
		Debug|Any CPU = Debug|Any CPU
		Release|Any CPU = Release|Any CPU
	EndGlobalSection
	GlobalSection(ProjectConfigurationPlatforms) = postSolution
		{C0F6B225-C037-4563-BB9F-7D7BA7FDEA38}.Debug|Any CPU.ActiveCfg = Debug|Any CPU
		{C0F6B225-C037-4563-BB9F-7D7BA7FDEA38}.Debug|Any CPU.Build.0 = Debug|Any CPU
		{C0F6B225-C037-4563-BB9F-7D7BA7FDEA38}.Release|Any CPU.ActiveCfg = Release|Any CPU
		{C0F6B225-C037-4563-BB9F-7D7BA7FDEA38}.Release|Any CPU.Build.0 = Release|Any CPU
	EndGlobalSection
	GlobalSection(SolutionProperties) = preSolution
		HideSolutionNode = FALSE
	EndGlobalSection
	GlobalSection(ExtensibilityGlobals) = postSolution
		SolutionGuid = {E1825DB9-758D-4818-96B7-AB858CFDA912}
	EndGlobalSection
EndGlobal
